
Microsoft Visual Studio Solution File, Format Version 12.00
# Visual Studio Version 17
VisualStudioVersion = 17.1.32228.430
MinimumVisualStudioVersion = 10.0.40219.1
Project("{9A19103F-16F7-4668-BE54-9A1E7A4F7556}") = "Client", "Client\Client.csproj", "{D3F350BD-B3CA-4222-BFCF-1A4548B974E8}"
EndProject
Project("{9A19103F-16F7-4668-BE54-9A1E7A4F7556}") = "Api", "Api\Api.csproj", "{CB6FF305-3379-43B2-808D-987779BDB321}"
EndProject
Project("{2150E333-8FDC-42A3-9474-1A3956D46DE8}") = "Solution Items", "Solution Items", "{576C8652-1590-40D1-AF50-C7FD59AF8045}"
	ProjectSection(SolutionItems) = preProject
		package.json = package.json
	EndProjectSection
EndProject
Project("{FAE04EC0-301F-11D3-BF4B-00C04F79EFBC}") = "Shared", "Shared\Shared.csproj", "{F516EA50-8B7C-4BE3-BE43-715AD57512E4}"
EndProject
Global
	GlobalSection(SolutionConfigurationPlatforms) = preSolution
		Debug|Any CPU = Debug|Any CPU
		Release|Any CPU = Release|Any CPU
	EndGlobalSection
	GlobalSection(ProjectConfigurationPlatforms) = postSolution
		{D3F350BD-B3CA-4222-BFCF-1A4548B974E8}.Debug|Any CPU.ActiveCfg = Debug|Any CPU
		{D3F350BD-B3CA-4222-BFCF-1A4548B974E8}.Debug|Any CPU.Build.0 = Debug|Any CPU
		{D3F350BD-B3CA-4222-BFCF-1A4548B974E8}.Release|Any CPU.ActiveCfg = Release|Any CPU
		{D3F350BD-B3CA-4222-BFCF-1A4548B974E8}.Release|Any CPU.Build.0 = Release|Any CPU
		{CB6FF305-3379-43B2-808D-987779BDB321}.Debug|Any CPU.ActiveCfg = Debug|Any CPU
		{CB6FF305-3379-43B2-808D-987779BDB321}.Debug|Any CPU.Build.0 = Debug|Any CPU
		{CB6FF305-3379-43B2-808D-987779BDB321}.Release|Any CPU.ActiveCfg = Release|Any CPU
		{CB6FF305-3379-43B2-808D-987779BDB321}.Release|Any CPU.Build.0 = Release|Any CPU
		{F516EA50-8B7C-4BE3-BE43-715AD57512E4}.Debug|Any CPU.ActiveCfg = Debug|Any CPU
		{F516EA50-8B7C-4BE3-BE43-715AD57512E4}.Debug|Any CPU.Build.0 = Debug|Any CPU
		{F516EA50-8B7C-4BE3-BE43-715AD57512E4}.Release|Any CPU.ActiveCfg = Release|Any CPU
		{F516EA50-8B7C-4BE3-BE43-715AD57512E4}.Release|Any CPU.Build.0 = Release|Any CPU
	EndGlobalSection
	GlobalSection(SolutionProperties) = preSolution
		HideSolutionNode = FALSE
	EndGlobalSection
	GlobalSection(ExtensibilityGlobals) = postSolution
		SolutionGuid = {C5D17C6B-A9A2-485B-A213-4E999BA58A5A}
	EndGlobalSection
EndGlobal
